
Microsoft Visual Studio Solution File, Format Version 12.00
# Visual Studio Version 17
VisualStudioVersion = 17.12.35309.182
MinimumVisualStudioVersion = 10.0.40219.1
Project("{2150E333-8FDC-42A3-9474-1A3956D46DE8}") = "Solution Items", "Solution Items", "{936B38F0-4036-461C-A75D-8B3B8B16B238}"
	ProjectSection(SolutionItems) = preProject
		..\.editorconfig = ..\.editorconfig
	EndProjectSection
EndProject
Project("{FAE04EC0-301F-11D3-BF4B-00C04F79EFBC}") = "Silex", "src\Silex\Silex.csproj", "{6B97BF97-24DB-48EE-AF52-D336460B8753}"
EndProject
Project("{FAE04EC0-301F-11D3-BF4B-00C04F79EFBC}") = "Silex.Test", "tests\Silex.Test\Silex.Test.csproj", "{59119FC8-A115-4BDA-A2F9-635944CD8FFC}"
EndProject
Project("{FAE04EC0-301F-11D3-BF4B-00C04F79EFBC}") = "Silex.Benchmarks", "tests\Silex.Benchmarks\Silex.Benchmarks.csproj", "{1E5E6AA1-17E3-4053-834A-EFBDD6C98FD2}"
EndProject
Project("{FAE04EC0-301F-11D3-BF4B-00C04F79EFBC}") = "Silex.Playground", "Silex.Playground\Silex.Playground.csproj", "{3E519DB5-49FB-42A0-B061-33C6FB7D6577}"
EndProject
Global
	GlobalSection(SolutionConfigurationPlatforms) = preSolution
		Debug|Any CPU = Debug|Any CPU
		Release|Any CPU = Release|Any CPU
	EndGlobalSection
	GlobalSection(ProjectConfigurationPlatforms) = postSolution
		{6B97BF97-24DB-48EE-AF52-D336460B8753}.Debug|Any CPU.ActiveCfg = Debug|Any CPU
		{6B97BF97-24DB-48EE-AF52-D336460B8753}.Debug|Any CPU.Build.0 = Debug|Any CPU
		{6B97BF97-24DB-48EE-AF52-D336460B8753}.Release|Any CPU.ActiveCfg = Release|Any CPU
		{6B97BF97-24DB-48EE-AF52-D336460B8753}.Release|Any CPU.Build.0 = Release|Any CPU
		{59119FC8-A115-4BDA-A2F9-635944CD8FFC}.Debug|Any CPU.ActiveCfg = Debug|Any CPU
		{59119FC8-A115-4BDA-A2F9-635944CD8FFC}.Debug|Any CPU.Build.0 = Debug|Any CPU
		{59119FC8-A115-4BDA-A2F9-635944CD8FFC}.Release|Any CPU.ActiveCfg = Release|Any CPU
		{59119FC8-A115-4BDA-A2F9-635944CD8FFC}.Release|Any CPU.Build.0 = Release|Any CPU
		{1E5E6AA1-17E3-4053-834A-EFBDD6C98FD2}.Debug|Any CPU.ActiveCfg = Debug|Any CPU
		{1E5E6AA1-17E3-4053-834A-EFBDD6C98FD2}.Debug|Any CPU.Build.0 = Debug|Any CPU
		{1E5E6AA1-17E3-4053-834A-EFBDD6C98FD2}.Release|Any CPU.ActiveCfg = Release|Any CPU
		{1E5E6AA1-17E3-4053-834A-EFBDD6C98FD2}.Release|Any CPU.Build.0 = Release|Any CPU
		{3E519DB5-49FB-42A0-B061-33C6FB7D6577}.Debug|Any CPU.ActiveCfg = Debug|Any CPU
		{3E519DB5-49FB-42A0-B061-33C6FB7D6577}.Debug|Any CPU.Build.0 = Debug|Any CPU
		{3E519DB5-49FB-42A0-B061-33C6FB7D6577}.Release|Any CPU.ActiveCfg = Release|Any CPU
		{3E519DB5-49FB-42A0-B061-33C6FB7D6577}.Release|Any CPU.Build.0 = Release|Any CPU
	EndGlobalSection
	GlobalSection(SolutionProperties) = preSolution
		HideSolutionNode = FALSE
	EndGlobalSection
	GlobalSection(ExtensibilityGlobals) = postSolution
		SolutionGuid = {2AE4BC94-CD71-4D5F-9CA8-AEA463C21CC2}
	EndGlobalSection
EndGlobal
